
Microsoft Visual Studio Solution File, Format Version 12.00
# Visual Studio Version 17
VisualStudioVersion = 17.13.35919.96
MinimumVisualStudioVersion = 10.0.40219.1
Project("{FAE04EC0-301F-11D3-BF4B-00C04F79EFBC}") = "Location.Photography.Business", "Location.Photography.Business\Location.Photography.Business.csproj", "{377675DB-4368-46FB-A8A3-E552F91CA58F}"
EndProject
Project("{FAE04EC0-301F-11D3-BF4B-00C04F79EFBC}") = "Location.Photography.Data", "Location.Photography.Data\Location.Photography.Data.csproj", "{91FBC991-533D-40AC-A92B-7BBFFBE8EDB0}"
EndProject
Project("{FAE04EC0-301F-11D3-BF4B-00C04F79EFBC}") = "Location.Photography.Shared", "Location.Photography.Shared\Location.Photography.Shared.csproj", "{07EE547C-8F42-48D5-B575-EFCE3D894F7F}"
EndProject
Project("{FAE04EC0-301F-11D3-BF4B-00C04F79EFBC}") = "Locations.Core.Business", "Locations.Core.Business\Locations.Core.Business.csproj", "{0A9CC082-9B31-ECE1-6259-A0B74E60211D}"
EndProject
Project("{FAE04EC0-301F-11D3-BF4B-00C04F79EFBC}") = "Locations.Core.Data", "Locations.Core.Data\Locations.Core.Data.csproj", "{73D1F5BC-8C7F-4D7C-B54C-C05472AC33C1}"
EndProject
Project("{FAE04EC0-301F-11D3-BF4B-00C04F79EFBC}") = "Locations.Core.Shared", "Locations.Core.Shared\Locations.Core.Shared.csproj", "{5B2D4185-6147-664D-86AB-AEB11A3BC498}"
EndProject
Project("{FAE04EC0-301F-11D3-BF4B-00C04F79EFBC}") = "Location.Core", "Location.Core\Location.Core.csproj", "{2E897236-637C-0360-1BE6-99288DD75074}"
EndProject
Project("{FAE04EC0-301F-11D3-BF4B-00C04F79EFBC}") = "Locations.Core.Business.Tests", "Locations.Core.Business.Tests\Locations.Core.Business.Tests.csproj", "{3EDF1D41-6173-4F0A-BD2B-E5EB2A32B9FC}"
EndProject
Project("{FAE04EC0-301F-11D3-BF4B-00C04F79EFBC}") = "Locations.Photography.Business.Tests", "Locations.Photography.Business.Tests\Locations.Photography.Business.Tests.csproj", "{67376FA6-DB38-4267-8253-085275829C56}"
EndProject
Project("{2150E333-8FDC-42A3-9474-1A3956D46DE8}") = "BackendAPI", "BackendAPI", "{02EA681E-C7D8-13C7-8484-4AC65E1B71E8}"
EndProject
Project("{2150E333-8FDC-42A3-9474-1A3956D46DE8}") = "Solution Items", "Solution Items", "{8EC462FD-D22E-90A8-E5CE-7E832BA40C5D}"
	ProjectSection(SolutionItems) = preProject
		azure-pipelines-1.yml = azure-pipelines-1.yml
		build-handlebars-template.md = build-handlebars-template.md
		ios-pipeline.yml = ios-pipeline.yml
		TestingBuilds.yml = TestingBuilds.yml
	EndProjectSection
EndProject
Project("{FAE04EC0-301F-11D3-BF4B-00C04F79EFBC}") = "EncryptedSQLite", "EncryptedSQLite\EncryptedSQLite.csproj", "{BBE0430E-8186-42EB-9683-BF2604B8911B}"
EndProject
Project("{FAE04EC0-301F-11D3-BF4B-00C04F79EFBC}") = "Location.Core.Helpers", "Location.Core.Helpers\Location.Core.Helpers.csproj", "{F2023512-4A15-4A56-9546-B56FCAC721E8}"
EndProject
Project("{FAE04EC0-301F-11D3-BF4B-00C04F79EFBC}") = "Location.Photography", "Location.Photography\Location.Photography.csproj", "{FD482407-78D9-4177-AD3A-EAE1CEC3BBC5}"
EndProject
Global
	GlobalSection(SolutionConfigurationPlatforms) = preSolution
		Andy|Any CPU = Andy|Any CPU
		Debug|Any CPU = Debug|Any CPU
		Release|Any CPU = Release|Any CPU
		Testing|Any CPU = Testing|Any CPU
	EndGlobalSection
	GlobalSection(ProjectConfigurationPlatforms) = postSolution
		{377675DB-4368-46FB-A8A3-E552F91CA58F}.Andy|Any CPU.ActiveCfg = Release For Andy|Any CPU
		{377675DB-4368-46FB-A8A3-E552F91CA58F}.Andy|Any CPU.Build.0 = Release For Andy|Any CPU
		{377675DB-4368-46FB-A8A3-E552F91CA58F}.Debug|Any CPU.ActiveCfg = Debug|Any CPU
		{377675DB-4368-46FB-A8A3-E552F91CA58F}.Debug|Any CPU.Build.0 = Debug|Any CPU
		{377675DB-4368-46FB-A8A3-E552F91CA58F}.Release|Any CPU.ActiveCfg = Release|Any CPU
		{377675DB-4368-46FB-A8A3-E552F91CA58F}.Release|Any CPU.Build.0 = Release|Any CPU
		{377675DB-4368-46FB-A8A3-E552F91CA58F}.Testing|Any CPU.ActiveCfg = Testing|Any CPU
		{377675DB-4368-46FB-A8A3-E552F91CA58F}.Testing|Any CPU.Build.0 = Testing|Any CPU
		{91FBC991-533D-40AC-A92B-7BBFFBE8EDB0}.Andy|Any CPU.ActiveCfg = Release For Andy|Any CPU
		{91FBC991-533D-40AC-A92B-7BBFFBE8EDB0}.Andy|Any CPU.Build.0 = Release For Andy|Any CPU
		{91FBC991-533D-40AC-A92B-7BBFFBE8EDB0}.Debug|Any CPU.ActiveCfg = Debug|Any CPU
		{91FBC991-533D-40AC-A92B-7BBFFBE8EDB0}.Debug|Any CPU.Build.0 = Debug|Any CPU
		{91FBC991-533D-40AC-A92B-7BBFFBE8EDB0}.Release|Any CPU.ActiveCfg = Release|Any CPU
		{91FBC991-533D-40AC-A92B-7BBFFBE8EDB0}.Release|Any CPU.Build.0 = Release|Any CPU
		{91FBC991-533D-40AC-A92B-7BBFFBE8EDB0}.Testing|Any CPU.ActiveCfg = Testing|Any CPU
		{91FBC991-533D-40AC-A92B-7BBFFBE8EDB0}.Testing|Any CPU.Build.0 = Testing|Any CPU
		{07EE547C-8F42-48D5-B575-EFCE3D894F7F}.Andy|Any CPU.ActiveCfg = Release For Andy|Any CPU
		{07EE547C-8F42-48D5-B575-EFCE3D894F7F}.Andy|Any CPU.Build.0 = Release For Andy|Any CPU
		{07EE547C-8F42-48D5-B575-EFCE3D894F7F}.Debug|Any CPU.ActiveCfg = Debug|Any CPU
		{07EE547C-8F42-48D5-B575-EFCE3D894F7F}.Debug|Any CPU.Build.0 = Debug|Any CPU
		{07EE547C-8F42-48D5-B575-EFCE3D894F7F}.Release|Any CPU.ActiveCfg = Release|Any CPU
		{07EE547C-8F42-48D5-B575-EFCE3D894F7F}.Release|Any CPU.Build.0 = Release|Any CPU
		{07EE547C-8F42-48D5-B575-EFCE3D894F7F}.Testing|Any CPU.ActiveCfg = Testing|Any CPU
		{07EE547C-8F42-48D5-B575-EFCE3D894F7F}.Testing|Any CPU.Build.0 = Testing|Any CPU
		{0A9CC082-9B31-ECE1-6259-A0B74E60211D}.Andy|Any CPU.ActiveCfg = Release For Andy|Any CPU
		{0A9CC082-9B31-ECE1-6259-A0B74E60211D}.Andy|Any CPU.Build.0 = Release For Andy|Any CPU
		{0A9CC082-9B31-ECE1-6259-A0B74E60211D}.Debug|Any CPU.ActiveCfg = Debug|Any CPU
		{0A9CC082-9B31-ECE1-6259-A0B74E60211D}.Debug|Any CPU.Build.0 = Debug|Any CPU
		{0A9CC082-9B31-ECE1-6259-A0B74E60211D}.Release|Any CPU.ActiveCfg = Release|Any CPU
		{0A9CC082-9B31-ECE1-6259-A0B74E60211D}.Release|Any CPU.Build.0 = Release|Any CPU
		{0A9CC082-9B31-ECE1-6259-A0B74E60211D}.Testing|Any CPU.ActiveCfg = Testing|Any CPU
		{0A9CC082-9B31-ECE1-6259-A0B74E60211D}.Testing|Any CPU.Build.0 = Testing|Any CPU
		{73D1F5BC-8C7F-4D7C-B54C-C05472AC33C1}.Andy|Any CPU.ActiveCfg = Release For Andy|Any CPU
		{73D1F5BC-8C7F-4D7C-B54C-C05472AC33C1}.Andy|Any CPU.Build.0 = Release For Andy|Any CPU
		{73D1F5BC-8C7F-4D7C-B54C-C05472AC33C1}.Debug|Any CPU.ActiveCfg = Debug|Any CPU
		{73D1F5BC-8C7F-4D7C-B54C-C05472AC33C1}.Debug|Any CPU.Build.0 = Debug|Any CPU
		{73D1F5BC-8C7F-4D7C-B54C-C05472AC33C1}.Release|Any CPU.ActiveCfg = Release|Any CPU
		{73D1F5BC-8C7F-4D7C-B54C-C05472AC33C1}.Release|Any CPU.Build.0 = Release|Any CPU
		{73D1F5BC-8C7F-4D7C-B54C-C05472AC33C1}.Testing|Any CPU.ActiveCfg = Testing|Any CPU
		{73D1F5BC-8C7F-4D7C-B54C-C05472AC33C1}.Testing|Any CPU.Build.0 = Testing|Any CPU
		{5B2D4185-6147-664D-86AB-AEB11A3BC498}.Andy|Any CPU.ActiveCfg = Release For Andy|Any CPU
		{5B2D4185-6147-664D-86AB-AEB11A3BC498}.Andy|Any CPU.Build.0 = Release For Andy|Any CPU
		{5B2D4185-6147-664D-86AB-AEB11A3BC498}.Debug|Any CPU.ActiveCfg = Debug|Any CPU
		{5B2D4185-6147-664D-86AB-AEB11A3BC498}.Debug|Any CPU.Build.0 = Debug|Any CPU
		{5B2D4185-6147-664D-86AB-AEB11A3BC498}.Release|Any CPU.ActiveCfg = Release|Any CPU
		{5B2D4185-6147-664D-86AB-AEB11A3BC498}.Release|Any CPU.Build.0 = Release|Any CPU
		{5B2D4185-6147-664D-86AB-AEB11A3BC498}.Testing|Any CPU.ActiveCfg = Testing|Any CPU
		{5B2D4185-6147-664D-86AB-AEB11A3BC498}.Testing|Any CPU.Build.0 = Testing|Any CPU
		{2E897236-637C-0360-1BE6-99288DD75074}.Andy|Any CPU.ActiveCfg = Release For Andy|Any CPU
		{2E897236-637C-0360-1BE6-99288DD75074}.Andy|Any CPU.Build.0 = Release For Andy|Any CPU
		{2E897236-637C-0360-1BE6-99288DD75074}.Andy|Any CPU.Deploy.0 = Release For Andy|Any CPU
		{2E897236-637C-0360-1BE6-99288DD75074}.Debug|Any CPU.ActiveCfg = Debug|Any CPU
		{2E897236-637C-0360-1BE6-99288DD75074}.Debug|Any CPU.Build.0 = Debug|Any CPU
		{2E897236-637C-0360-1BE6-99288DD75074}.Debug|Any CPU.Deploy.0 = Debug|Any CPU
		{2E897236-637C-0360-1BE6-99288DD75074}.Release|Any CPU.ActiveCfg = Release|Any CPU
		{2E897236-637C-0360-1BE6-99288DD75074}.Release|Any CPU.Build.0 = Release|Any CPU
		{2E897236-637C-0360-1BE6-99288DD75074}.Release|Any CPU.Deploy.0 = Release|Any CPU
		{2E897236-637C-0360-1BE6-99288DD75074}.Testing|Any CPU.ActiveCfg = Testing|Any CPU
		{2E897236-637C-0360-1BE6-99288DD75074}.Testing|Any CPU.Build.0 = Testing|Any CPU
		{2E897236-637C-0360-1BE6-99288DD75074}.Testing|Any CPU.Deploy.0 = Testing|Any CPU
		{3EDF1D41-6173-4F0A-BD2B-E5EB2A32B9FC}.Andy|Any CPU.ActiveCfg = Debug|Any CPU
		{3EDF1D41-6173-4F0A-BD2B-E5EB2A32B9FC}.Andy|Any CPU.Build.0 = Debug|Any CPU
		{3EDF1D41-6173-4F0A-BD2B-E5EB2A32B9FC}.Debug|Any CPU.ActiveCfg = Debug|Any CPU
		{3EDF1D41-6173-4F0A-BD2B-E5EB2A32B9FC}.Debug|Any CPU.Build.0 = Debug|Any CPU
		{3EDF1D41-6173-4F0A-BD2B-E5EB2A32B9FC}.Release|Any CPU.ActiveCfg = Release|Any CPU
		{3EDF1D41-6173-4F0A-BD2B-E5EB2A32B9FC}.Release|Any CPU.Build.0 = Release|Any CPU
		{3EDF1D41-6173-4F0A-BD2B-E5EB2A32B9FC}.Testing|Any CPU.ActiveCfg = Debug|Any CPU
		{3EDF1D41-6173-4F0A-BD2B-E5EB2A32B9FC}.Testing|Any CPU.Build.0 = Debug|Any CPU
		{67376FA6-DB38-4267-8253-085275829C56}.Andy|Any CPU.ActiveCfg = Debug|Any CPU
		{67376FA6-DB38-4267-8253-085275829C56}.Andy|Any CPU.Build.0 = Debug|Any CPU
		{67376FA6-DB38-4267-8253-085275829C56}.Debug|Any CPU.ActiveCfg = Debug|Any CPU
		{67376FA6-DB38-4267-8253-085275829C56}.Debug|Any CPU.Build.0 = Debug|Any CPU
		{67376FA6-DB38-4267-8253-085275829C56}.Release|Any CPU.ActiveCfg = Release|Any CPU
		{67376FA6-DB38-4267-8253-085275829C56}.Release|Any CPU.Build.0 = Release|Any CPU
		{67376FA6-DB38-4267-8253-085275829C56}.Testing|Any CPU.ActiveCfg = Debug|Any CPU
		{67376FA6-DB38-4267-8253-085275829C56}.Testing|Any CPU.Build.0 = Debug|Any CPU
		{BBE0430E-8186-42EB-9683-BF2604B8911B}.Andy|Any CPU.ActiveCfg = Debug|Any CPU
		{BBE0430E-8186-42EB-9683-BF2604B8911B}.Andy|Any CPU.Build.0 = Debug|Any CPU
		{BBE0430E-8186-42EB-9683-BF2604B8911B}.Debug|Any CPU.ActiveCfg = Debug|Any CPU
		{BBE0430E-8186-42EB-9683-BF2604B8911B}.Debug|Any CPU.Build.0 = Debug|Any CPU
		{BBE0430E-8186-42EB-9683-BF2604B8911B}.Release|Any CPU.ActiveCfg = Release|Any CPU
		{BBE0430E-8186-42EB-9683-BF2604B8911B}.Release|Any CPU.Build.0 = Release|Any CPU
		{BBE0430E-8186-42EB-9683-BF2604B8911B}.Testing|Any CPU.ActiveCfg = Debug|Any CPU
		{BBE0430E-8186-42EB-9683-BF2604B8911B}.Testing|Any CPU.Build.0 = Debug|Any CPU
		{F2023512-4A15-4A56-9546-B56FCAC721E8}.Andy|Any CPU.ActiveCfg = Debug|Any CPU
		{F2023512-4A15-4A56-9546-B56FCAC721E8}.Andy|Any CPU.Build.0 = Debug|Any CPU
		{F2023512-4A15-4A56-9546-B56FCAC721E8}.Debug|Any CPU.ActiveCfg = Debug|Any CPU
		{F2023512-4A15-4A56-9546-B56FCAC721E8}.Debug|Any CPU.Build.0 = Debug|Any CPU
		{F2023512-4A15-4A56-9546-B56FCAC721E8}.Release|Any CPU.ActiveCfg = Release|Any CPU
		{F2023512-4A15-4A56-9546-B56FCAC721E8}.Release|Any CPU.Build.0 = Release|Any CPU
		{F2023512-4A15-4A56-9546-B56FCAC721E8}.Testing|Any CPU.ActiveCfg = Debug|Any CPU
		{F2023512-4A15-4A56-9546-B56FCAC721E8}.Testing|Any CPU.Build.0 = Debug|Any CPU
		{FD482407-78D9-4177-AD3A-EAE1CEC3BBC5}.Andy|Any CPU.ActiveCfg = Debug|Any CPU
		{FD482407-78D9-4177-AD3A-EAE1CEC3BBC5}.Andy|Any CPU.Build.0 = Debug|Any CPU
		{FD482407-78D9-4177-AD3A-EAE1CEC3BBC5}.Debug|Any CPU.ActiveCfg = Debug|Any CPU
		{FD482407-78D9-4177-AD3A-EAE1CEC3BBC5}.Debug|Any CPU.Build.0 = Debug|Any CPU
		{FD482407-78D9-4177-AD3A-EAE1CEC3BBC5}.Release|Any CPU.ActiveCfg = Release|Any CPU
		{FD482407-78D9-4177-AD3A-EAE1CEC3BBC5}.Release|Any CPU.Build.0 = Release|Any CPU
		{FD482407-78D9-4177-AD3A-EAE1CEC3BBC5}.Testing|Any CPU.ActiveCfg = Debug|Any CPU
		{FD482407-78D9-4177-AD3A-EAE1CEC3BBC5}.Testing|Any CPU.Build.0 = Debug|Any CPU
	EndGlobalSection
	GlobalSection(SolutionProperties) = preSolution
		HideSolutionNode = FALSE
	EndGlobalSection
	GlobalSection(ExtensibilityGlobals) = postSolution
		SolutionGuid = {4CC858B3-E275-4DD2-97FE-4D55104588A0}
	EndGlobalSection
EndGlobal
